{
  "name": "api-tools-mcp-test-example",
  "version": "1.0.0",
  "lockfileVersion": 3,
  "requires": true,
  "packages": {
    "": {
      "name": "api-tools-mcp-test-example",
      "version": "1.0.0",
      "dependencies": {
        "api-tools-mcp": "file:.."
      }
    },
    "..": {
      "name": "api-tools-mcp",
      "version": "0.1.0",
      "license": "MIT",
      "dependencies": {
        "@modelcontextprotocol/sdk": "^1.13.2",
        "ajv": "^8.17.1",
        "chalk": "^4.1.2",
        "commander": "^14.0.0",
        "inquirer": "^8.2.6",
        "js-yaml": "^4.1.0"
      },
      "bin": {
        "api-tools-mcp": "dist/cli/index.js",
        "api-tools-mcp-server": "dist/server/mcp-entry.js"
      },
      "devDependencies": {
        "@types/inquirer": "^9.0.8",
        "@types/jest": "^30.0.0",
        "@types/js-yaml": "^4.0.9",
        "@types/node": "^24.0.4",
        "jest": "^30.0.3",
        "rimraf": "^6.0.1",
        "ts-jest": "^29.4.0",
        "typescript": "^5.8.3"
      }
    },
    "node_modules/api-tools-mcp": {
      "resolved": "..",
      "link": true
    }
  }
}
